// !$*UTF8*$!
{
	archiveVersion = 1;
	classes = {
	};
	objectVersion = 46;
	objects = {

/* Begin PBXBuildFile section */
		35064FAF1C929E5700481CAC /* JCTextController.m in Sources */ = {isa = PBXBuildFile; fileRef = 35064FAE1C929E5700481CAC /* JCTextController.m */; };
		350B73601CD06A5A00B7797A /* JCTextView.m in Sources */ = {isa = PBXBuildFile; fileRef = 350B735F1CD06A5A00B7797A /* JCTextView.m */; };
		350B736C1CD1B39100B7797A /* JCToolbar.m in Sources */ = {isa = PBXBuildFile; fileRef = 350B736B1CD1B39100B7797A /* JCToolbar.m */; };
		350B736F1CD20CEE00B7797A /* JCMenuView.m in Sources */ = {isa = PBXBuildFile; fileRef = 350B736E1CD20CEE00B7797A /* JCMenuView.m */; };
		352A9D461CAA8B8C00699950 /* MKAnnotationView+WebCache.m in Sources */ = {isa = PBXBuildFile; fileRef = 352A9D261CAA8B8C00699950 /* MKAnnotationView+WebCache.m */; };
		352A9D471CAA8B8C00699950 /* NSData+ImageContentType.m in Sources */ = {isa = PBXBuildFile; fileRef = 352A9D281CAA8B8C00699950 /* NSData+ImageContentType.m */; };
		352A9D481CAA8B8C00699950 /* SDImageCache.m in Sources */ = {isa = PBXBuildFile; fileRef = 352A9D2A1CAA8B8C00699950 /* SDImageCache.m */; };
		352A9D491CAA8B8C00699950 /* SDWebImageCompat.m in Sources */ = {isa = PBXBuildFile; fileRef = 352A9D2C1CAA8B8C00699950 /* SDWebImageCompat.m */; };
		352A9D4A1CAA8B8C00699950 /* SDWebImageDecoder.m in Sources */ = {isa = PBXBuildFile; fileRef = 352A9D2E1CAA8B8C00699950 /* SDWebImageDecoder.m */; };
		352A9D4B1CAA8B8C00699950 /* SDWebImageDownloader.m in Sources */ = {isa = PBXBuildFile; fileRef = 352A9D301CAA8B8C00699950 /* SDWebImageDownloader.m */; };
		352A9D4C1CAA8B8C00699950 /* SDWebImageDownloaderOperation.m in Sources */ = {isa = PBXBuildFile; fileRef = 352A9D321CAA8B8C00699950 /* SDWebImageDownloaderOperation.m */; };
		352A9D4D1CAA8B8C00699950 /* SDWebImageManager.m in Sources */ = {isa = PBXBuildFile; fileRef = 352A9D341CAA8B8C00699950 /* SDWebImageManager.m */; };
		352A9D4E1CAA8B8C00699950 /* SDWebImagePrefetcher.m in Sources */ = {isa = PBXBuildFile; fileRef = 352A9D371CAA8B8C00699950 /* SDWebImagePrefetcher.m */; };
		352A9D4F1CAA8B8C00699950 /* UIButton+WebCache.m in Sources */ = {isa = PBXBuildFile; fileRef = 352A9D391CAA8B8C00699950 /* UIButton+WebCache.m */; };
		352A9D501CAA8B8C00699950 /* UIImage+GIF.m in Sources */ = {isa = PBXBuildFile; fileRef = 352A9D3B1CAA8B8C00699950 /* UIImage+GIF.m */; };
		352A9D511CAA8B8C00699950 /* UIImage+MultiFormat.m in Sources */ = {isa = PBXBuildFile; fileRef = 352A9D3D1CAA8B8C00699950 /* UIImage+MultiFormat.m */; };
		352A9D521CAA8B8C00699950 /* UIImage+WebP.m in Sources */ = {isa = PBXBuildFile; fileRef = 352A9D3F1CAA8B8C00699950 /* UIImage+WebP.m */; };
		352A9D531CAA8B8C00699950 /* UIImageView+HighlightedWebCache.m in Sources */ = {isa = PBXBuildFile; fileRef = 352A9D411CAA8B8C00699950 /* UIImageView+HighlightedWebCache.m */; };
		352A9D541CAA8B8C00699950 /* UIImageView+WebCache.m in Sources */ = {isa = PBXBuildFile; fileRef = 352A9D431CAA8B8C00699950 /* UIImageView+WebCache.m */; };
		352A9D551CAA8B8C00699950 /* UIView+WebCacheOperation.m in Sources */ = {isa = PBXBuildFile; fileRef = 352A9D451CAA8B8C00699950 /* UIView+WebCacheOperation.m */; };
		352A9D591CAE156900699950 /* JCMainTabBarController.m in Sources */ = {isa = PBXBuildFile; fileRef = 352A9D581CAE156900699950 /* JCMainTabBarController.m */; };
		352E905B1C99ACC1006A704A /* JCOptionItemView.m in Sources */ = {isa = PBXBuildFile; fileRef = 352E905A1C99ACC1006A704A /* JCOptionItemView.m */; };
		354902121C7AED4600E09B83 /* main.m in Sources */ = {isa = PBXBuildFile; fileRef = 354902111C7AED4600E09B83 /* main.m */; };
		354902151C7AED4600E09B83 /* AppDelegate.m in Sources */ = {isa = PBXBuildFile; fileRef = 354902141C7AED4600E09B83 /* AppDelegate.m */; };
		3549021B1C7AED4600E09B83 /* Main.storyboard in Resources */ = {isa = PBXBuildFile; fileRef = 354902191C7AED4600E09B83 /* Main.storyboard */; };
		3549021D1C7AED4600E09B83 /* Assets.xcassets in Resources */ = {isa = PBXBuildFile; fileRef = 3549021C1C7AED4600E09B83 /* Assets.xcassets */; };
		354902201C7AED4600E09B83 /* LaunchScreen.storyboard in Resources */ = {isa = PBXBuildFile; fileRef = 3549021E1C7AED4600E09B83 /* LaunchScreen.storyboard */; };
		354902561C7C7A6800E09B83 /* JCLoginViewController.m in Sources */ = {isa = PBXBuildFile; fileRef = 354902551C7C7A6800E09B83 /* JCLoginViewController.m */; };
		3549025E1C7E932100E09B83 /* JCFindViewController.m in Sources */ = {isa = PBXBuildFile; fileRef = 3549025D1C7E932000E09B83 /* JCFindViewController.m */; };
		354902621C7E943700E09B83 /* JCFollowViewController.m in Sources */ = {isa = PBXBuildFile; fileRef = 354902611C7E943700E09B83 /* JCFollowViewController.m */; };
		354902661C7F12DB00E09B83 /* JCFriendViewController.m in Sources */ = {isa = PBXBuildFile; fileRef = 354902651C7F12DB00E09B83 /* JCFriendViewController.m */; };
		3549026A1C7F12FA00E09B83 /* JCMyViewController.m in Sources */ = {isa = PBXBuildFile; fileRef = 354902691C7F12FA00E09B83 /* JCMyViewController.m */; };
		35645DEF1C80352500E6494C /* JCTabBar.m in Sources */ = {isa = PBXBuildFile; fileRef = 35645DEE1C80352500E6494C /* JCTabBar.m */; };
		35645DF71C804D7000E6494C /* JCWriteViewController.m in Sources */ = {isa = PBXBuildFile; fileRef = 35645DF61C804D7000E6494C /* JCWriteViewController.m */; };
		35645DFA1C804FDF00E6494C /* JCFindNavigationController.m in Sources */ = {isa = PBXBuildFile; fileRef = 35645DF91C804FDF00E6494C /* JCFindNavigationController.m */; };
		35645DFE1C80505500E6494C /* JCNavigationBar.m in Sources */ = {isa = PBXBuildFile; fileRef = 35645DFD1C80505500E6494C /* JCNavigationBar.m */; };
		3564CF6A1CA9146600485FB2 /* UIButton+JCMixedArrangement.m in Sources */ = {isa = PBXBuildFile; fileRef = 3564CF691CA9146600485FB2 /* UIButton+JCMixedArrangement.m */; };
		357A7C4D1CD846F200CC6E06 /* JCButton.m in Sources */ = {isa = PBXBuildFile; fileRef = 357A7C4C1CD846F200CC6E06 /* JCButton.m */; };
		358070661CA0E2EE00169420 /* JCTableViewCell.m in Sources */ = {isa = PBXBuildFile; fileRef = 358070651CA0E2EE00169420 /* JCTableViewCell.m */; };
		358070691CA0E93900169420 /* JCRoundImageButton.m in Sources */ = {isa = PBXBuildFile; fileRef = 358070681CA0E93900169420 /* JCRoundImageButton.m */; };
		358E96621C86D09A0073EA04 /* JCHeadNavigationViewController.m in Sources */ = {isa = PBXBuildFile; fileRef = 358E96611C86D09A0073EA04 /* JCHeadNavigationViewController.m */; };
		358E96651C86D1370073EA04 /* JCHeadNavigationBar.m in Sources */ = {isa = PBXBuildFile; fileRef = 358E96641C86D1370073EA04 /* JCHeadNavigationBar.m */; };
		358E966B1C8814EB0073EA04 /* JCOptionNavigationBar.m in Sources */ = {isa = PBXBuildFile; fileRef = 358E966A1C8814EB0073EA04 /* JCOptionNavigationBar.m */; };
		358E966E1C88331A0073EA04 /* JCOptionViewController.m in Sources */ = {isa = PBXBuildFile; fileRef = 358E966D1C88331A0073EA04 /* JCOptionViewController.m */; };
		35A4C3EA1CA37DED0093F21D /* NSMutableAttributedString+JCImageAndText.m in Sources */ = {isa = PBXBuildFile; fileRef = 35A4C3E91CA37DED0093F21D /* NSMutableAttributedString+JCImageAndText.m */; };
		35D2A7061C9FD32B009AC0B6 /* JCCellModel.m in Sources */ = {isa = PBXBuildFile; fileRef = 35D2A7051C9FD32B009AC0B6 /* JCCellModel.m */; };
		35D2A7091C9FE037009AC0B6 /* FindJSON.json in Resources */ = {isa = PBXBuildFile; fileRef = 35D2A7081C9FE036009AC0B6 /* FindJSON.json */; };
		35D2A70C1C9FEA13009AC0B6 /* NSObject+JCJSON.m in Sources */ = {isa = PBXBuildFile; fileRef = 35D2A70B1C9FEA13009AC0B6 /* NSObject+JCJSON.m */; };
		35D4CE451C83EC43002E32B0 /* JCSliderButton.m in Sources */ = {isa = PBXBuildFile; fileRef = 35D4CE441C83EC43002E32B0 /* JCSliderButton.m */; };
		35D4CE491C841D30002E32B0 /* JCFindView.m in Sources */ = {isa = PBXBuildFile; fileRef = 35D4CE481C841D30002E32B0 /* JCFindView.m */; };
		35D4CE511C8675C5002E32B0 /* JCScrollAndPageControlView.m in Sources */ = {isa = PBXBuildFile; fileRef = 35D4CE501C8675C5002E32B0 /* JCScrollAndPageControlView.m */; };
		35F5ADDE1CA3DF970086217E /* UIColor+JCString.m in Sources */ = {isa = PBXBuildFile; fileRef = 35F5ADD91CA3DF970086217E /* UIColor+JCString.m */; };
		35F5ADDF1CA3DF970086217E /* UIView+Coordinate.m in Sources */ = {isa = PBXBuildFile; fileRef = 35F5ADDB1CA3DF970086217E /* UIView+Coordinate.m */; };
		35F5ADE01CA3DF970086217E /* UIViewController+Replace.m in Sources */ = {isa = PBXBuildFile; fileRef = 35F5ADDD1CA3DF970086217E /* UIViewController+Replace.m */; };
		35FE163C1CA9643A0026E2B4 /* JCArticleTCell.m in Sources */ = {isa = PBXBuildFile; fileRef = 35FE163B1CA9643A0026E2B4 /* JCArticleTCell.m */; };
/* End PBXBuildFile section */

/* Begin PBXFileReference section */
		35064FAD1C929E5700481CAC /* JCTextController.h */ = {isa = PBXFileReference; fileEncoding = 4; lastKnownFileType = sourcecode.c.h; path = JCTextController.h; sourceTree = "<group>"; };
		35064FAE1C929E5700481CAC /* JCTextController.m */ = {isa = PBXFileReference; fileEncoding = 4; lastKnownFileType = sourcecode.c.objc; path = JCTextController.m; sourceTree = "<group>"; };
		350B735E1CD06A5A00B7797A /* JCTextView.h */ = {isa = PBXFileReference; fileEncoding = 4; lastKnownFileType = sourcecode.c.h; path = JCTextView.h; sourceTree = "<group>"; };
		350B735F1CD06A5A00B7797A /* JCTextView.m */ = {isa = PBXFileReference; fileEncoding = 4; lastKnownFileType = sourcecode.c.objc; path = JCTextView.m; sourceTree = "<group>"; };
		350B736A1CD1B39100B7797A /* JCToolbar.h */ = {isa = PBXFileReference; fileEncoding = 4; lastKnownFileType = sourcecode.c.h; path = JCToolbar.h; sourceTree = "<group>"; };
		350B736B1CD1B39100B7797A /* JCToolbar.m */ = {isa = PBXFileReference; fileEncoding = 4; lastKnownFileType = sourcecode.c.objc; path = JCToolbar.m; sourceTree = "<group>"; };
		350B736D1CD20CEE00B7797A /* JCMenuView.h */ = {isa = PBXFileReference; fileEncoding = 4; lastKnownFileType = sourcecode.c.h; path = JCMenuView.h; sourceTree = "<group>"; };
		350B736E1CD20CEE00B7797A /* JCMenuView.m */ = {isa = PBXFileReference; fileEncoding = 4; lastKnownFileType = sourcecode.c.objc; path = JCMenuView.m; sourceTree = "<group>"; };
		352A9D251CAA8B8C00699950 /* MKAnnotationView+WebCache.h */ = {isa = PBXFileReference; fileEncoding = 4; lastKnownFileType = sourcecode.c.h; path = "MKAnnotationView+WebCache.h"; sourceTree = "<group>"; };
		352A9D261CAA8B8C00699950 /* MKAnnotationView+WebCache.m */ = {isa = PBXFileReference; fileEncoding = 4; lastKnownFileType = sourcecode.c.objc; path = "MKAnnotationView+WebCache.m"; sourceTree = "<group>"; };
		352A9D271CAA8B8C00699950 /* NSData+ImageContentType.h */ = {isa = PBXFileReference; fileEncoding = 4; lastKnownFileType = sourcecode.c.h; path = "NSData+ImageContentType.h"; sourceTree = "<group>"; };
		352A9D281CAA8B8C00699950 /* NSData+ImageContentType.m */ = {isa = PBXFileReference; fileEncoding = 4; lastKnownFileType = sourcecode.c.objc; path = "NSData+ImageContentType.m"; sourceTree = "<group>"; };
		352A9D291CAA8B8C00699950 /* SDImageCache.h */ = {isa = PBXFileReference; fileEncoding = 4; lastKnownFileType = sourcecode.c.h; path = SDImageCache.h; sourceTree = "<group>"; };
		352A9D2A1CAA8B8C00699950 /* SDImageCache.m */ = {isa = PBXFileReference; fileEncoding = 4; lastKnownFileType = sourcecode.c.objc; path = SDImageCache.m; sourceTree = "<group>"; };
		352A9D2B1CAA8B8C00699950 /* SDWebImageCompat.h */ = {isa = PBXFileReference; fileEncoding = 4; lastKnownFileType = sourcecode.c.h; path = SDWebImageCompat.h; sourceTree = "<group>"; };
		352A9D2C1CAA8B8C00699950 /* SDWebImageCompat.m */ = {isa = PBXFileReference; fileEncoding = 4; lastKnownFileType = sourcecode.c.objc; path = SDWebImageCompat.m; sourceTree = "<group>"; };
		352A9D2D1CAA8B8C00699950 /* SDWebImageDecoder.h */ = {isa = PBXFileReference; fileEncoding = 4; lastKnownFileType = sourcecode.c.h; path = SDWebImageDecoder.h; sourceTree = "<group>"; };
		352A9D2E1CAA8B8C00699950 /* SDWebImageDecoder.m */ = {isa = PBXFileReference; fileEncoding = 4; lastKnownFileType = sourcecode.c.objc; path = SDWebImageDecoder.m; sourceTree = "<group>"; };
		352A9D2F1CAA8B8C00699950 /* SDWebImageDownloader.h */ = {isa = PBXFileReference; fileEncoding = 4; lastKnownFileType = sourcecode.c.h; path = SDWebImageDownloader.h; sourceTree = "<group>"; };
		352A9D301CAA8B8C00699950 /* SDWebImageDownloader.m */ = {isa = PBXFileReference; fileEncoding = 4; lastKnownFileType = sourcecode.c.objc; path = SDWebImageDownloader.m; sourceTree = "<group>"; };
		352A9D311CAA8B8C00699950 /* SDWebImageDownloaderOperation.h */ = {isa = PBXFileReference; fileEncoding = 4; lastKnownFileType = sourcecode.c.h; path = SDWebImageDownloaderOperation.h; sourceTree = "<group>"; };
		352A9D321CAA8B8C00699950 /* SDWebImageDownloaderOperation.m */ = {isa = PBXFileReference; fileEncoding = 4; lastKnownFileType = sourcecode.c.objc; path = SDWebImageDownloaderOperation.m; sourceTree = "<group>"; };
		352A9D331CAA8B8C00699950 /* SDWebImageManager.h */ = {isa = PBXFileReference; fileEncoding = 4; lastKnownFileType = sourcecode.c.h; path = SDWebImageManager.h; sourceTree = "<group>"; };
		352A9D341CAA8B8C00699950 /* SDWebImageManager.m */ = {isa = PBXFileReference; fileEncoding = 4; lastKnownFileType = sourcecode.c.objc; path = SDWebImageManager.m; sourceTree = "<group>"; };
		352A9D351CAA8B8C00699950 /* SDWebImageOperation.h */ = {isa = PBXFileReference; fileEncoding = 4; lastKnownFileType = sourcecode.c.h; path = SDWebImageOperation.h; sourceTree = "<group>"; };
		352A9D361CAA8B8C00699950 /* SDWebImagePrefetcher.h */ = {isa = PBXFileReference; fileEncoding = 4; lastKnownFileType = sourcecode.c.h; path = SDWebImagePrefetcher.h; sourceTree = "<group>"; };
		352A9D371CAA8B8C00699950 /* SDWebImagePrefetcher.m */ = {isa = PBXFileReference; fileEncoding = 4; lastKnownFileType = sourcecode.c.objc; path = SDWebImagePrefetcher.m; sourceTree = "<group>"; };
		352A9D381CAA8B8C00699950 /* UIButton+WebCache.h */ = {isa = PBXFileReference; fileEncoding = 4; lastKnownFileType = sourcecode.c.h; path = "UIButton+WebCache.h"; sourceTree = "<group>"; };
		352A9D391CAA8B8C00699950 /* UIButton+WebCache.m */ = {isa = PBXFileReference; fileEncoding = 4; lastKnownFileType = sourcecode.c.objc; path = "UIButton+WebCache.m"; sourceTree = "<group>"; };
		352A9D3A1CAA8B8C00699950 /* UIImage+GIF.h */ = {isa = PBXFileReference; fileEncoding = 4; lastKnownFileType = sourcecode.c.h; path = "UIImage+GIF.h"; sourceTree = "<group>"; };
		352A9D3B1CAA8B8C00699950 /* UIImage+GIF.m */ = {isa = PBXFileReference; fileEncoding = 4; lastKnownFileType = sourcecode.c.objc; path = "UIImage+GIF.m"; sourceTree = "<group>"; };
		352A9D3C1CAA8B8C00699950 /* UIImage+MultiFormat.h */ = {isa = PBXFileReference; fileEncoding = 4; lastKnownFileType = sourcecode.c.h; path = "UIImage+MultiFormat.h"; sourceTree = "<group>"; };
		352A9D3D1CAA8B8C00699950 /* UIImage+MultiFormat.m */ = {isa = PBXFileReference; fileEncoding = 4; lastKnownFileType = sourcecode.c.objc; path = "UIImage+MultiFormat.m"; sourceTree = "<group>"; };
		352A9D3E1CAA8B8C00699950 /* UIImage+WebP.h */ = {isa = PBXFileReference; fileEncoding = 4; lastKnownFileType = sourcecode.c.h; path = "UIImage+WebP.h"; sourceTree = "<group>"; };
		352A9D3F1CAA8B8C00699950 /* UIImage+WebP.m */ = {isa = PBXFileReference; fileEncoding = 4; lastKnownFileType = sourcecode.c.objc; path = "UIImage+WebP.m"; sourceTree = "<group>"; };
		352A9D401CAA8B8C00699950 /* UIImageView+HighlightedWebCache.h */ = {isa = PBXFileReference; fileEncoding = 4; lastKnownFileType = sourcecode.c.h; path = "UIImageView+HighlightedWebCache.h"; sourceTree = "<group>"; };
		352A9D411CAA8B8C00699950 /* UIImageView+HighlightedWebCache.m */ = {isa = PBXFileReference; fileEncoding = 4; lastKnownFileType = sourcecode.c.objc; path = "UIImageView+HighlightedWebCache.m"; sourceTree = "<group>"; };
		352A9D421CAA8B8C00699950 /* UIImageView+WebCache.h */ = {isa = PBXFileReference; fileEncoding = 4; lastKnownFileType = sourcecode.c.h; path = "UIImageView+WebCache.h"; sourceTree = "<group>"; };
		352A9D431CAA8B8C00699950 /* UIImageView+WebCache.m */ = {isa = PBXFileReference; fileEncoding = 4; lastKnownFileType = sourcecode.c.objc; path = "UIImageView+WebCache.m"; sourceTree = "<group>"; };
		352A9D441CAA8B8C00699950 /* UIView+WebCacheOperation.h */ = {isa = PBXFileReference; fileEncoding = 4; lastKnownFileType = sourcecode.c.h; path = "UIView+WebCacheOperation.h"; sourceTree = "<group>"; };
		352A9D451CAA8B8C00699950 /* UIView+WebCacheOperation.m */ = {isa = PBXFileReference; fileEncoding = 4; lastKnownFileType = sourcecode.c.objc; path = "UIView+WebCacheOperation.m"; sourceTree = "<group>"; };
		352A9D571CAE156900699950 /* JCMainTabBarController.h */ = {isa = PBXFileReference; fileEncoding = 4; lastKnownFileType = sourcecode.c.h; path = JCMainTabBarController.h; sourceTree = "<group>"; };
		352A9D581CAE156900699950 /* JCMainTabBarController.m */ = {isa = PBXFileReference; fileEncoding = 4; lastKnownFileType = sourcecode.c.objc; path = JCMainTabBarController.m; sourceTree = "<group>"; };
		352E90591C99ACC1006A704A /* JCOptionItemView.h */ = {isa = PBXFileReference; fileEncoding = 4; lastKnownFileType = sourcecode.c.h; path = JCOptionItemView.h; sourceTree = "<group>"; };
		352E905A1C99ACC1006A704A /* JCOptionItemView.m */ = {isa = PBXFileReference; fileEncoding = 4; lastKnownFileType = sourcecode.c.objc; path = JCOptionItemView.m; sourceTree = "<group>"; };
		3549020D1C7AED4600E09B83 /* JianShu.app */ = {isa = PBXFileReference; explicitFileType = wrapper.application; includeInIndex = 0; path = JianShu.app; sourceTree = BUILT_PRODUCTS_DIR; };
		354902111C7AED4600E09B83 /* main.m */ = {isa = PBXFileReference; lastKnownFileType = sourcecode.c.objc; path = main.m; sourceTree = "<group>"; };
		354902131C7AED4600E09B83 /* AppDelegate.h */ = {isa = PBXFileReference; lastKnownFileType = sourcecode.c.h; name = AppDelegate.h; path = ../AppDelegate.h; sourceTree = "<group>"; };
		354902141C7AED4600E09B83 /* AppDelegate.m */ = {isa = PBXFileReference; lastKnownFileType = sourcecode.c.objc; name = AppDelegate.m; path = ../AppDelegate.m; sourceTree = "<group>"; };
		3549021A1C7AED4600E09B83 /* Base */ = {isa = PBXFileReference; lastKnownFileType = file.storyboard; name = Base; path = Base.lproj/Main.storyboard; sourceTree = "<group>"; };
		3549021C1C7AED4600E09B83 /* Assets.xcassets */ = {isa = PBXFileReference; lastKnownFileType = folder.assetcatalog; path = Assets.xcassets; sourceTree = "<group>"; };
		3549021F1C7AED4600E09B83 /* Base */ = {isa = PBXFileReference; lastKnownFileType = file.storyboard; name = Base; path = Base.lproj/LaunchScreen.storyboard; sourceTree = "<group>"; };
		354902211C7AED4600E09B83 /* Info.plist */ = {isa = PBXFileReference; lastKnownFileType = text.plist.xml; path = Info.plist; sourceTree = "<group>"; };
		354902521C7C783100E09B83 /* JianShu.pch */ = {isa = PBXFileReference; lastKnownFileType = sourcecode.c.h; path = JianShu.pch; sourceTree = "<group>"; };
		354902541C7C7A6800E09B83 /* JCLoginViewController.h */ = {isa = PBXFileReference; fileEncoding = 4; lastKnownFileType = sourcecode.c.h; path = JCLoginViewController.h; sourceTree = "<group>"; };
		354902551C7C7A6800E09B83 /* JCLoginViewController.m */ = {isa = PBXFileReference; fileEncoding = 4; lastKnownFileType = sourcecode.c.objc; path = JCLoginViewController.m; sourceTree = "<group>"; };
		3549025C1C7E932000E09B83 /* JCFindViewController.h */ = {isa = PBXFileReference; fileEncoding = 4; lastKnownFileType = sourcecode.c.h; path = JCFindViewController.h; sourceTree = "<group>"; };
		3549025D1C7E932000E09B83 /* JCFindViewController.m */ = {isa = PBXFileReference; fileEncoding = 4; lastKnownFileType = sourcecode.c.objc; path = JCFindViewController.m; sourceTree = "<group>"; };
		354902601C7E943700E09B83 /* JCFollowViewController.h */ = {isa = PBXFileReference; fileEncoding = 4; lastKnownFileType = sourcecode.c.h; path = JCFollowViewController.h; sourceTree = "<group>"; };
		354902611C7E943700E09B83 /* JCFollowViewController.m */ = {isa = PBXFileReference; fileEncoding = 4; lastKnownFileType = sourcecode.c.objc; path = JCFollowViewController.m; sourceTree = "<group>"; };
		354902641C7F12DB00E09B83 /* JCFriendViewController.h */ = {isa = PBXFileReference; fileEncoding = 4; lastKnownFileType = sourcecode.c.h; path = JCFriendViewController.h; sourceTree = "<group>"; };
		354902651C7F12DB00E09B83 /* JCFriendViewController.m */ = {isa = PBXFileReference; fileEncoding = 4; lastKnownFileType = sourcecode.c.objc; path = JCFriendViewController.m; sourceTree = "<group>"; };
		354902681C7F12FA00E09B83 /* JCMyViewController.h */ = {isa = PBXFileReference; fileEncoding = 4; lastKnownFileType = sourcecode.c.h; path = JCMyViewController.h; sourceTree = "<group>"; };
		354902691C7F12FA00E09B83 /* JCMyViewController.m */ = {isa = PBXFileReference; fileEncoding = 4; lastKnownFileType = sourcecode.c.objc; path = JCMyViewController.m; sourceTree = "<group>"; };
		35645DED1C80352500E6494C /* JCTabBar.h */ = {isa = PBXFileReference; fileEncoding = 4; lastKnownFileType = sourcecode.c.h; path = JCTabBar.h; sourceTree = "<group>"; };
		35645DEE1C80352500E6494C /* JCTabBar.m */ = {isa = PBXFileReference; fileEncoding = 4; lastKnownFileType = sourcecode.c.objc; path = JCTabBar.m; sourceTree = "<group>"; };
		35645DF51C804D7000E6494C /* JCWriteViewController.h */ = {isa = PBXFileReference; fileEncoding = 4; lastKnownFileType = sourcecode.c.h; path = JCWriteViewController.h; sourceTree = "<group>"; };
		35645DF61C804D7000E6494C /* JCWriteViewController.m */ = {isa = PBXFileReference; fileEncoding = 4; lastKnownFileType = sourcecode.c.objc; path = JCWriteViewController.m; sourceTree = "<group>"; };
		35645DF81C804FDF00E6494C /* JCFindNavigationController.h */ = {isa = PBXFileReference; fileEncoding = 4; lastKnownFileType = sourcecode.c.h; path = JCFindNavigationController.h; sourceTree = "<group>"; };
		35645DF91C804FDF00E6494C /* JCFindNavigationController.m */ = {isa = PBXFileReference; fileEncoding = 4; lastKnownFileType = sourcecode.c.objc; path = JCFindNavigationController.m; sourceTree = "<group>"; };
		35645DFC1C80505500E6494C /* JCNavigationBar.h */ = {isa = PBXFileReference; fileEncoding = 4; lastKnownFileType = sourcecode.c.h; path = JCNavigationBar.h; sourceTree = "<group>"; };
		35645DFD1C80505500E6494C /* JCNavigationBar.m */ = {isa = PBXFileReference; fileEncoding = 4; lastKnownFileType = sourcecode.c.objc; path = JCNavigationBar.m; sourceTree = "<group>"; };
		3564CF681CA9146600485FB2 /* UIButton+JCMixedArrangement.h */ = {isa = PBXFileReference; fileEncoding = 4; lastKnownFileType = sourcecode.c.h; path = "UIButton+JCMixedArrangement.h"; sourceTree = "<group>"; };
		3564CF691CA9146600485FB2 /* UIButton+JCMixedArrangement.m */ = {isa = PBXFileReference; fileEncoding = 4; lastKnownFileType = sourcecode.c.objc; path = "UIButton+JCMixedArrangement.m"; sourceTree = "<group>"; };
		357A7C4B1CD846F200CC6E06 /* JCButton.h */ = {isa = PBXFileReference; fileEncoding = 4; lastKnownFileType = sourcecode.c.h; path = JCButton.h; sourceTree = "<group>"; };
		357A7C4C1CD846F200CC6E06 /* JCButton.m */ = {isa = PBXFileReference; fileEncoding = 4; lastKnownFileType = sourcecode.c.objc; path = JCButton.m; sourceTree = "<group>"; };
		358070641CA0E2EE00169420 /* JCTableViewCell.h */ = {isa = PBXFileReference; fileEncoding = 4; lastKnownFileType = sourcecode.c.h; path = JCTableViewCell.h; sourceTree = "<group>"; };
		358070651CA0E2EE00169420 /* JCTableViewCell.m */ = {isa = PBXFileReference; fileEncoding = 4; lastKnownFileType = sourcecode.c.objc; path = JCTableViewCell.m; sourceTree = "<group>"; };
		358070671CA0E93900169420 /* JCRoundImageButton.h */ = {isa = PBXFileReference; fileEncoding = 4; lastKnownFileType = sourcecode.c.h; path = JCRoundImageButton.h; sourceTree = "<group>"; };
		358070681CA0E93900169420 /* JCRoundImageButton.m */ = {isa = PBXFileReference; fileEncoding = 4; lastKnownFileType = sourcecode.c.objc; path = JCRoundImageButton.m; sourceTree = "<group>"; };
		358E96601C86D09A0073EA04 /* JCHeadNavigationViewController.h */ = {isa = PBXFileReference; fileEncoding = 4; lastKnownFileType = sourcecode.c.h; path = JCHeadNavigationViewController.h; sourceTree = "<group>"; };
		358E96611C86D09A0073EA04 /* JCHeadNavigationViewController.m */ = {isa = PBXFileReference; fileEncoding = 4; lastKnownFileType = sourcecode.c.objc; path = JCHeadNavigationViewController.m; sourceTree = "<group>"; };
		358E96631C86D1370073EA04 /* JCHeadNavigationBar.h */ = {isa = PBXFileReference; fileEncoding = 4; lastKnownFileType = sourcecode.c.h; path = JCHeadNavigationBar.h; sourceTree = "<group>"; };
		358E96641C86D1370073EA04 /* JCHeadNavigationBar.m */ = {isa = PBXFileReference; fileEncoding = 4; lastKnownFileType = sourcecode.c.objc; path = JCHeadNavigationBar.m; sourceTree = "<group>"; };
		358E96691C8814EB0073EA04 /* JCOptionNavigationBar.h */ = {isa = PBXFileReference; fileEncoding = 4; lastKnownFileType = sourcecode.c.h; path = JCOptionNavigationBar.h; sourceTree = "<group>"; };
		358E966A1C8814EB0073EA04 /* JCOptionNavigationBar.m */ = {isa = PBXFileReference; fileEncoding = 4; lastKnownFileType = sourcecode.c.objc; path = JCOptionNavigationBar.m; sourceTree = "<group>"; };
		358E966C1C88331A0073EA04 /* JCOptionViewController.h */ = {isa = PBXFileReference; fileEncoding = 4; lastKnownFileType = sourcecode.c.h; path = JCOptionViewController.h; sourceTree = "<group>"; };
		358E966D1C88331A0073EA04 /* JCOptionViewController.m */ = {isa = PBXFileReference; fileEncoding = 4; lastKnownFileType = sourcecode.c.objc; path = JCOptionViewController.m; sourceTree = "<group>"; };
		35A4C3E81CA37DED0093F21D /* NSMutableAttributedString+JCImageAndText.h */ = {isa = PBXFileReference; fileEncoding = 4; lastKnownFileType = sourcecode.c.h; path = "NSMutableAttributedString+JCImageAndText.h"; sourceTree = "<group>"; };
		35A4C3E91CA37DED0093F21D /* NSMutableAttributedString+JCImageAndText.m */ = {isa = PBXFileReference; fileEncoding = 4; lastKnownFileType = sourcecode.c.objc; path = "NSMutableAttributedString+JCImageAndText.m"; sourceTree = "<group>"; };
		35D2A7041C9FD32B009AC0B6 /* JCCellModel.h */ = {isa = PBXFileReference; fileEncoding = 4; lastKnownFileType = sourcecode.c.h; path = JCCellModel.h; sourceTree = "<group>"; };
		35D2A7051C9FD32B009AC0B6 /* JCCellModel.m */ = {isa = PBXFileReference; fileEncoding = 4; lastKnownFileType = sourcecode.c.objc; path = JCCellModel.m; sourceTree = "<group>"; };
		35D2A7081C9FE036009AC0B6 /* FindJSON.json */ = {isa = PBXFileReference; fileEncoding = 4; lastKnownFileType = text.json; path = FindJSON.json; sourceTree = "<group>"; };
		35D2A70A1C9FEA13009AC0B6 /* NSObject+JCJSON.h */ = {isa = PBXFileReference; fileEncoding = 4; lastKnownFileType = sourcecode.c.h; path = "NSObject+JCJSON.h"; sourceTree = "<group>"; };
		35D2A70B1C9FEA13009AC0B6 /* NSObject+JCJSON.m */ = {isa = PBXFileReference; fileEncoding = 4; lastKnownFileType = sourcecode.c.objc; path = "NSObject+JCJSON.m"; sourceTree = "<group>"; };
		35D4CE431C83EC43002E32B0 /* JCSliderButton.h */ = {isa = PBXFileReference; fileEncoding = 4; lastKnownFileType = sourcecode.c.h; path = JCSliderButton.h; sourceTree = "<group>"; };
		35D4CE441C83EC43002E32B0 /* JCSliderButton.m */ = {isa = PBXFileReference; fileEncoding = 4; lastKnownFileType = sourcecode.c.objc; path = JCSliderButton.m; sourceTree = "<group>"; };
		35D4CE471C841D30002E32B0 /* JCFindView.h */ = {isa = PBXFileReference; fileEncoding = 4; lastKnownFileType = sourcecode.c.h; path = JCFindView.h; sourceTree = "<group>"; };
		35D4CE481C841D30002E32B0 /* JCFindView.m */ = {isa = PBXFileReference; fileEncoding = 4; lastKnownFileType = sourcecode.c.objc; path = JCFindView.m; sourceTree = "<group>"; };
		35D4CE4F1C8675C5002E32B0 /* JCScrollAndPageControlView.h */ = {isa = PBXFileReference; fileEncoding = 4; lastKnownFileType = sourcecode.c.h; path = JCScrollAndPageControlView.h; sourceTree = "<group>"; };
		35D4CE501C8675C5002E32B0 /* JCScrollAndPageControlView.m */ = {isa = PBXFileReference; fileEncoding = 4; lastKnownFileType = sourcecode.c.objc; path = JCScrollAndPageControlView.m; sourceTree = "<group>"; };
		35F5ADD81CA3DF970086217E /* UIColor+JCString.h */ = {isa = PBXFileReference; fileEncoding = 4; lastKnownFileType = sourcecode.c.h; path = "UIColor+JCString.h"; sourceTree = "<group>"; };
		35F5ADD91CA3DF970086217E /* UIColor+JCString.m */ = {isa = PBXFileReference; fileEncoding = 4; lastKnownFileType = sourcecode.c.objc; path = "UIColor+JCString.m"; sourceTree = "<group>"; };
		35F5ADDA1CA3DF970086217E /* UIView+Coordinate.h */ = {isa = PBXFileReference; fileEncoding = 4; lastKnownFileType = sourcecode.c.h; path = "UIView+Coordinate.h"; sourceTree = "<group>"; };
		35F5ADDB1CA3DF970086217E /* UIView+Coordinate.m */ = {isa = PBXFileReference; fileEncoding = 4; lastKnownFileType = sourcecode.c.objc; path = "UIView+Coordinate.m"; sourceTree = "<group>"; };
		35F5ADDC1CA3DF970086217E /* UIViewController+Replace.h */ = {isa = PBXFileReference; fileEncoding = 4; lastKnownFileType = sourcecode.c.h; path = "UIViewController+Replace.h"; sourceTree = "<group>"; };
		35F5ADDD1CA3DF970086217E /* UIViewController+Replace.m */ = {isa = PBXFileReference; fileEncoding = 4; lastKnownFileType = sourcecode.c.objc; path = "UIViewController+Replace.m"; sourceTree = "<group>"; };
		35FE163A1CA9643A0026E2B4 /* JCArticleTCell.h */ = {isa = PBXFileReference; fileEncoding = 4; lastKnownFileType = sourcecode.c.h; path = JCArticleTCell.h; sourceTree = "<group>"; };
		35FE163B1CA9643A0026E2B4 /* JCArticleTCell.m */ = {isa = PBXFileReference; fileEncoding = 4; lastKnownFileType = sourcecode.c.objc; path = JCArticleTCell.m; sourceTree = "<group>"; };
/* End PBXFileReference section */

/* Begin PBXFrameworksBuildPhase section */
		3549020A1C7AED4600E09B83 /* Frameworks */ = {
			isa = PBXFrameworksBuildPhase;
			buildActionMask = 2147483647;
			files = (
			);
			runOnlyForDeploymentPostprocessing = 0;
		};
/* End PBXFrameworksBuildPhase section */

/* Begin PBXGroup section */
		35064FAC1C929E4100481CAC /* Text */ = {
			isa = PBXGroup;
			children = (
				35064FAD1C929E5700481CAC /* JCTextController.h */,
				35064FAE1C929E5700481CAC /* JCTextController.m */,
			);
			path = Text;
			sourceTree = "<group>";
		};
		350B735D1CD06A4100B7797A /* Texts */ = {
			isa = PBXGroup;
			children = (
				350B735E1CD06A5A00B7797A /* JCTextView.h */,
				350B735F1CD06A5A00B7797A /* JCTextView.m */,
			);
			path = Texts;
			sourceTree = "<group>";
		};
		350B73691CD1B38200B7797A /* Toolbar */ = {
			isa = PBXGroup;
			children = (
				350B736A1CD1B39100B7797A /* JCToolbar.h */,
				350B736B1CD1B39100B7797A /* JCToolbar.m */,
			);
			path = Toolbar;
			sourceTree = "<group>";
		};
		352A9D241CAA8B8C00699950 /* SDWebImage */ = {
			isa = PBXGroup;
			children = (
				352A9D251CAA8B8C00699950 /* MKAnnotationView+WebCache.h */,
				352A9D261CAA8B8C00699950 /* MKAnnotationView+WebCache.m */,
				352A9D271CAA8B8C00699950 /* NSData+ImageContentType.h */,
				352A9D281CAA8B8C00699950 /* NSData+ImageContentType.m */,
				352A9D291CAA8B8C00699950 /* SDImageCache.h */,
				352A9D2A1CAA8B8C00699950 /* SDImageCache.m */,
				352A9D2B1CAA8B8C00699950 /* SDWebImageCompat.h */,
				352A9D2C1CAA8B8C00699950 /* SDWebImageCompat.m */,
				352A9D2D1CAA8B8C00699950 /* SDWebImageDecoder.h */,
				352A9D2E1CAA8B8C00699950 /* SDWebImageDecoder.m */,
				352A9D2F1CAA8B8C00699950 /* SDWebImageDownloader.h */,
				352A9D301CAA8B8C00699950 /* SDWebImageDownloader.m */,
				352A9D311CAA8B8C00699950 /* SDWebImageDownloaderOperation.h */,
				352A9D321CAA8B8C00699950 /* SDWebImageDownloaderOperation.m */,
				352A9D331CAA8B8C00699950 /* SDWebImageManager.h */,
				352A9D341CAA8B8C00699950 /* SDWebImageManager.m */,
				352A9D351CAA8B8C00699950 /* SDWebImageOperation.h */,
				352A9D361CAA8B8C00699950 /* SDWebImagePrefetcher.h */,
				352A9D371CAA8B8C00699950 /* SDWebImagePrefetcher.m */,
				352A9D381CAA8B8C00699950 /* UIButton+WebCache.h */,
				352A9D391CAA8B8C00699950 /* UIButton+WebCache.m */,
				352A9D3A1CAA8B8C00699950 /* UIImage+GIF.h */,
				352A9D3B1CAA8B8C00699950 /* UIImage+GIF.m */,
				352A9D3C1CAA8B8C00699950 /* UIImage+MultiFormat.h */,
				352A9D3D1CAA8B8C00699950 /* UIImage+MultiFormat.m */,
				352A9D3E1CAA8B8C00699950 /* UIImage+WebP.h */,
				352A9D3F1CAA8B8C00699950 /* UIImage+WebP.m */,
				352A9D401CAA8B8C00699950 /* UIImageView+HighlightedWebCache.h */,
				352A9D411CAA8B8C00699950 /* UIImageView+HighlightedWebCache.m */,
				352A9D421CAA8B8C00699950 /* UIImageView+WebCache.h */,
				352A9D431CAA8B8C00699950 /* UIImageView+WebCache.m */,
				352A9D441CAA8B8C00699950 /* UIView+WebCacheOperation.h */,
				352A9D451CAA8B8C00699950 /* UIView+WebCacheOperation.m */,
			);
			path = SDWebImage;
			sourceTree = "<group>";
		};
		352A9D561CAE156900699950 /* rootController */ = {
			isa = PBXGroup;
			children = (
				352A9D571CAE156900699950 /* JCMainTabBarController.h */,
				352A9D581CAE156900699950 /* JCMainTabBarController.m */,
			);
			path = rootController;
			sourceTree = "<group>";
		};
		354902041C7AED4600E09B83 = {
			isa = PBXGroup;
			children = (
				3549020F1C7AED4600E09B83 /* JianShu */,
				3549020E1C7AED4600E09B83 /* Products */,
			);
			sourceTree = "<group>";
		};
		3549020E1C7AED4600E09B83 /* Products */ = {
			isa = PBXGroup;
			children = (
				3549020D1C7AED4600E09B83 /* JianShu.app */,
			);
			name = Products;
			sourceTree = "<group>";
		};
		3549020F1C7AED4600E09B83 /* JianShu */ = {
			isa = PBXGroup;
			children = (
				354902291C7AEDFC00E09B83 /* Others */,
				35D2A6FE1C9FCE06009AC0B6 /* Mode */,
				354902281C7AEDB900E09B83 /* Views */,
				354902271C7AED9F00E09B83 /* Controller */,
				354902101C7AED4600E09B83 /* Supporting Files */,
			);
			path = JianShu;
			sourceTree = "<group>";
		};
		354902101C7AED4600E09B83 /* Supporting Files */ = {
			isa = PBXGroup;
			children = (
				3549021C1C7AED4600E09B83 /* Assets.xcassets */,
				354902211C7AED4600E09B83 /* Info.plist */,
				354902111C7AED4600E09B83 /* main.m */,
			);
			name = "Supporting Files";
			sourceTree = "<group>";
		};
		354902271C7AED9F00E09B83 /* Controller */ = {
			isa = PBXGroup;
			children = (
				352A9D561CAE156900699950 /* rootController */,
				35064FAC1C929E4100481CAC /* Text */,
				35645DF41C804D4A00E6494C /* Write */,
				354902671C7F12ED00E09B83 /* My */,
				354902631C7F12CA00E09B83 /* Friend */,
				3549025F1C7E941F00E09B83 /* Follow */,
				3549025B1C7E92FB00E09B83 /* Find */,
				354902531C7C7A4700E09B83 /* User */,
			);
			path = Controller;
			sourceTree = "<group>";
		};
		354902281C7AEDB900E09B83 /* Views */ = {
			isa = PBXGroup;
			children = (
				350B73691CD1B38200B7797A /* Toolbar */,
				350B735D1CD06A4100B7797A /* Texts */,
				35F5ADD71CA3DF970086217E /* Extend */,
				358070631CA0E26D00169420 /* Cells */,
				35D4CE461C841CE7002E32B0 /* Find */,
				35D4CE421C83EC09002E32B0 /* Button */,
				35645DFB1C80501E00E6494C /* NavigationBar */,
				35645DEC1C8034FD00E6494C /* TabBar */,
			);
			path = Views;
			sourceTree = "<group>";
		};
		354902291C7AEDFC00E09B83 /* Others */ = {
			isa = PBXGroup;
			children = (
				35D2A7071C9FDFC1009AC0B6 /* Data */,
				354902511C7C782200E09B83 /* PCH */,
				3549022A1C7AEE2900E09B83 /* Storyboard */,
				354902131C7AED4600E09B83 /* AppDelegate.h */,
				354902141C7AED4600E09B83 /* AppDelegate.m */,
				352A9D241CAA8B8C00699950 /* SDWebImage */,
			);
			path = Others;
			sourceTree = "<group>";
		};
		3549022A1C7AEE2900E09B83 /* Storyboard */ = {
			isa = PBXGroup;
			children = (
				354902191C7AED4600E09B83 /* Main.storyboard */,
				3549021E1C7AED4600E09B83 /* LaunchScreen.storyboard */,
			);
			path = Storyboard;
			sourceTree = "<group>";
		};
		354902511C7C782200E09B83 /* PCH */ = {
			isa = PBXGroup;
			children = (
				354902521C7C783100E09B83 /* JianShu.pch */,
			);
			path = PCH;
			sourceTree = "<group>";
		};
		354902531C7C7A4700E09B83 /* User */ = {
			isa = PBXGroup;
			children = (
				354902541C7C7A6800E09B83 /* JCLoginViewController.h */,
				354902551C7C7A6800E09B83 /* JCLoginViewController.m */,
			);
			path = User;
			sourceTree = "<group>";
		};
		3549025B1C7E92FB00E09B83 /* Find */ = {
			isa = PBXGroup;
			children = (
				3549025C1C7E932000E09B83 /* JCFindViewController.h */,
				3549025D1C7E932000E09B83 /* JCFindViewController.m */,
				35645DF81C804FDF00E6494C /* JCFindNavigationController.h */,
				35645DF91C804FDF00E6494C /* JCFindNavigationController.m */,
			);
			path = Find;
			sourceTree = "<group>";
		};
		3549025F1C7E941F00E09B83 /* Follow */ = {
			isa = PBXGroup;
			children = (
				354902601C7E943700E09B83 /* JCFollowViewController.h */,
				354902611C7E943700E09B83 /* JCFollowViewController.m */,
				358E966C1C88331A0073EA04 /* JCOptionViewController.h */,
				358E966D1C88331A0073EA04 /* JCOptionViewController.m */,
			);
			path = Follow;
			sourceTree = "<group>";
		};
		354902631C7F12CA00E09B83 /* Friend */ = {
			isa = PBXGroup;
			children = (
				354902641C7F12DB00E09B83 /* JCFriendViewController.h */,
				354902651C7F12DB00E09B83 /* JCFriendViewController.m */,
			);
			path = Friend;
			sourceTree = "<group>";
		};
		354902671C7F12ED00E09B83 /* My */ = {
			isa = PBXGroup;
			children = (
				354902681C7F12FA00E09B83 /* JCMyViewController.h */,
				354902691C7F12FA00E09B83 /* JCMyViewController.m */,
				358E96601C86D09A0073EA04 /* JCHeadNavigationViewController.h */,
				358E96611C86D09A0073EA04 /* JCHeadNavigationViewController.m */,
			);
			path = My;
			sourceTree = "<group>";
		};
		35645DEC1C8034FD00E6494C /* TabBar */ = {
			isa = PBXGroup;
			children = (
				35645DED1C80352500E6494C /* JCTabBar.h */,
				35645DEE1C80352500E6494C /* JCTabBar.m */,
			);
			path = TabBar;
			sourceTree = "<group>";
		};
		35645DF41C804D4A00E6494C /* Write */ = {
			isa = PBXGroup;
			children = (
				35645DF51C804D7000E6494C /* JCWriteViewController.h */,
				35645DF61C804D7000E6494C /* JCWriteViewController.m */,
			);
			path = Write;
			sourceTree = "<group>";
		};
		35645DFB1C80501E00E6494C /* NavigationBar */ = {
			isa = PBXGroup;
			children = (
				35645DFC1C80505500E6494C /* JCNavigationBar.h */,
				35645DFD1C80505500E6494C /* JCNavigationBar.m */,
				358E96631C86D1370073EA04 /* JCHeadNavigationBar.h */,
				358E96641C86D1370073EA04 /* JCHeadNavigationBar.m */,
				358E96691C8814EB0073EA04 /* JCOptionNavigationBar.h */,
				358E966A1C8814EB0073EA04 /* JCOptionNavigationBar.m */,
			);
			path = NavigationBar;
			sourceTree = "<group>";
		};
		358070631CA0E26D00169420 /* Cells */ = {
			isa = PBXGroup;
			children = (
				358070641CA0E2EE00169420 /* JCTableViewCell.h */,
				358070651CA0E2EE00169420 /* JCTableViewCell.m */,
				35FE163A1CA9643A0026E2B4 /* JCArticleTCell.h */,
				35FE163B1CA9643A0026E2B4 /* JCArticleTCell.m */,
			);
			path = Cells;
			sourceTree = "<group>";
		};
		35A4C3E71CA37D710093F21D /* AttributedProcess */ = {
			isa = PBXGroup;
			children = (
				35A4C3E81CA37DED0093F21D /* NSMutableAttributedString+JCImageAndText.h */,
				35A4C3E91CA37DED0093F21D /* NSMutableAttributedString+JCImageAndText.m */,
			);
			path = AttributedProcess;
			sourceTree = "<group>";
		};
		35D2A6FE1C9FCE06009AC0B6 /* Mode */ = {
			isa = PBXGroup;
			children = (
				35A4C3E71CA37D710093F21D /* AttributedProcess */,
				35D2A7031C9FD31D009AC0B6 /* CellModel */,
			);
			path = Mode;
			sourceTree = "<group>";
		};
		35D2A7031C9FD31D009AC0B6 /* CellModel */ = {
			isa = PBXGroup;
			children = (
				35D2A7041C9FD32B009AC0B6 /* JCCellModel.h */,
				35D2A7051C9FD32B009AC0B6 /* JCCellModel.m */,
				35D2A70A1C9FEA13009AC0B6 /* NSObject+JCJSON.h */,
				35D2A70B1C9FEA13009AC0B6 /* NSObject+JCJSON.m */,
			);
			path = CellModel;
			sourceTree = "<group>";
		};
		35D2A7071C9FDFC1009AC0B6 /* Data */ = {
			isa = PBXGroup;
			children = (
				35D2A7081C9FE036009AC0B6 /* FindJSON.json */,
			);
			path = Data;
			sourceTree = "<group>";
		};
		35D4CE421C83EC09002E32B0 /* Button */ = {
			isa = PBXGroup;
			children = (
				352E90591C99ACC1006A704A /* JCOptionItemView.h */,
				352E905A1C99ACC1006A704A /* JCOptionItemView.m */,
				35D4CE431C83EC43002E32B0 /* JCSliderButton.h */,
				35D4CE441C83EC43002E32B0 /* JCSliderButton.m */,
				358070671CA0E93900169420 /* JCRoundImageButton.h */,
				358070681CA0E93900169420 /* JCRoundImageButton.m */,
				350B736D1CD20CEE00B7797A /* JCMenuView.h */,
				350B736E1CD20CEE00B7797A /* JCMenuView.m */,
				357A7C4B1CD846F200CC6E06 /* JCButton.h */,
				357A7C4C1CD846F200CC6E06 /* JCButton.m */,
			);
			path = Button;
			sourceTree = "<group>";
		};
		35D4CE461C841CE7002E32B0 /* Find */ = {
			isa = PBXGroup;
			children = (
				35D4CE471C841D30002E32B0 /* JCFindView.h */,
				35D4CE481C841D30002E32B0 /* JCFindView.m */,
				35D4CE4F1C8675C5002E32B0 /* JCScrollAndPageControlView.h */,
				35D4CE501C8675C5002E32B0 /* JCScrollAndPageControlView.m */,
			);
			path = Find;
			sourceTree = "<group>";
		};
		35F5ADD71CA3DF970086217E /* Extend */ = {
			isa = PBXGroup;
			children = (
				35F5ADD81CA3DF970086217E /* UIColor+JCString.h */,
				35F5ADD91CA3DF970086217E /* UIColor+JCString.m */,
				35F5ADDA1CA3DF970086217E /* UIView+Coordinate.h */,
				35F5ADDB1CA3DF970086217E /* UIView+Coordinate.m */,
				35F5ADDC1CA3DF970086217E /* UIViewController+Replace.h */,
				35F5ADDD1CA3DF970086217E /* UIViewController+Replace.m */,
				3564CF681CA9146600485FB2 /* UIButton+JCMixedArrangement.h */,
				3564CF691CA9146600485FB2 /* UIButton+JCMixedArrangement.m */,
			);
			path = Extend;
			sourceTree = "<group>";
		};
/* End PBXGroup section */

/* Begin PBXNativeTarget section */
		3549020C1C7AED4600E09B83 /* JianShu */ = {
			isa = PBXNativeTarget;
			buildConfigurationList = 354902241C7AED4600E09B83 /* Build configuration list for PBXNativeTarget "JianShu" */;
			buildPhases = (
				354902091C7AED4600E09B83 /* Sources */,
				3549020A1C7AED4600E09B83 /* Frameworks */,
				3549020B1C7AED4600E09B83 /* Resources */,
			);
			buildRules = (
			);
			dependencies = (
			);
			name = JianShu;
			productName = JianShu;
			productReference = 3549020D1C7AED4600E09B83 /* JianShu.app */;
			productType = "com.apple.product-type.application";
		};
/* End PBXNativeTarget section */

/* Begin PBXProject section */
		354902051C7AED4600E09B83 /* Project object */ = {
			isa = PBXProject;
			attributes = {
				LastUpgradeCheck = 0720;
				ORGANIZATIONNAME = molin;
				TargetAttributes = {
					3549020C1C7AED4600E09B83 = {
						CreatedOnToolsVersion = 7.2;
					};
				};
			};
			buildConfigurationList = 354902081C7AED4600E09B83 /* Build configuration list for PBXProject "JianShu" */;
			compatibilityVersion = "Xcode 3.2";
			developmentRegion = English;
			hasScannedForEncodings = 0;
			knownRegions = (
				en,
				Base,
			);
			mainGroup = 354902041C7AED4600E09B83;
			productRefGroup = 3549020E1C7AED4600E09B83 /* Products */;
			projectDirPath = "";
			projectRoot = "";
			targets = (
				3549020C1C7AED4600E09B83 /* JianShu */,
			);
		};
/* End PBXProject section */

/* Begin PBXResourcesBuildPhase section */
		3549020B1C7AED4600E09B83 /* Resources */ = {
			isa = PBXResourcesBuildPhase;
			buildActionMask = 2147483647;
			files = (
				35D2A7091C9FE037009AC0B6 /* FindJSON.json in Resources */,
				354902201C7AED4600E09B83 /* LaunchScreen.storyboard in Resources */,
				3549021D1C7AED4600E09B83 /* Assets.xcassets in Resources */,
				3549021B1C7AED4600E09B83 /* Main.storyboard in Resources */,
			);
			runOnlyForDeploymentPostprocessing = 0;
		};
/* End PBXResourcesBuildPhase section */

/* Begin PBXSourcesBuildPhase section */
		354902091C7AED4600E09B83 /* Sources */ = {
			isa = PBXSourcesBuildPhase;
			buildActionMask = 2147483647;
			files = (
				354902561C7C7A6800E09B83 /* JCLoginViewController.m in Sources */,
				358E966B1C8814EB0073EA04 /* JCOptionNavigationBar.m in Sources */,
				358070661CA0E2EE00169420 /* JCTableViewCell.m in Sources */,
				352A9D4D1CAA8B8C00699950 /* SDWebImageManager.m in Sources */,
				350B736C1CD1B39100B7797A /* JCToolbar.m in Sources */,
				358E966E1C88331A0073EA04 /* JCOptionViewController.m in Sources */,
				35645DFA1C804FDF00E6494C /* JCFindNavigationController.m in Sources */,
				352A9D511CAA8B8C00699950 /* UIImage+MultiFormat.m in Sources */,
				358E96651C86D1370073EA04 /* JCHeadNavigationBar.m in Sources */,
				352A9D4B1CAA8B8C00699950 /* SDWebImageDownloader.m in Sources */,
				350B736F1CD20CEE00B7797A /* JCMenuView.m in Sources */,
				35064FAF1C929E5700481CAC /* JCTextController.m in Sources */,
				352A9D521CAA8B8C00699950 /* UIImage+WebP.m in Sources */,
				3549026A1C7F12FA00E09B83 /* JCMyViewController.m in Sources */,
				3549025E1C7E932100E09B83 /* JCFindViewController.m in Sources */,
				357A7C4D1CD846F200CC6E06 /* JCButton.m in Sources */,
				3564CF6A1CA9146600485FB2 /* UIButton+JCMixedArrangement.m in Sources */,
				352A9D531CAA8B8C00699950 /* UIImageView+HighlightedWebCache.m in Sources */,
				352A9D4A1CAA8B8C00699950 /* SDWebImageDecoder.m in Sources */,
				352A9D4E1CAA8B8C00699950 /* SDWebImagePrefetcher.m in Sources */,
				354902621C7E943700E09B83 /* JCFollowViewController.m in Sources */,
				35645DFE1C80505500E6494C /* JCNavigationBar.m in Sources */,
				35D2A7061C9FD32B009AC0B6 /* JCCellModel.m in Sources */,
				350B73601CD06A5A00B7797A /* JCTextView.m in Sources */,
				358070691CA0E93900169420 /* JCRoundImageButton.m in Sources */,
				35F5ADDE1CA3DF970086217E /* UIColor+JCString.m in Sources */,
				35F5ADDF1CA3DF970086217E /* UIView+Coordinate.m in Sources */,
				352A9D501CAA8B8C00699950 /* UIImage+GIF.m in Sources */,
				352A9D541CAA8B8C00699950 /* UIImageView+WebCache.m in Sources */,
				35D4CE451C83EC43002E32B0 /* JCSliderButton.m in Sources */,
				352A9D481CAA8B8C00699950 /* SDImageCache.m in Sources */,
				352E905B1C99ACC1006A704A /* JCOptionItemView.m in Sources */,
				358E96621C86D09A0073EA04 /* JCHeadNavigationViewController.m in Sources */,
				35A4C3EA1CA37DED0093F21D /* NSMutableAttributedString+JCImageAndText.m in Sources */,
				354902661C7F12DB00E09B83 /* JCFriendViewController.m in Sources */,
				352A9D4C1CAA8B8C00699950 /* SDWebImageDownloaderOperation.m in Sources */,
				35FE163C1CA9643A0026E2B4 /* JCArticleTCell.m in Sources */,
				352A9D591CAE156900699950 /* JCMainTabBarController.m in Sources */,
				352A9D491CAA8B8C00699950 /* SDWebImageCompat.m in Sources */,
				352A9D471CAA8B8C00699950 /* NSData+ImageContentType.m in Sources */,
				354902151C7AED4600E09B83 /* AppDelegate.m in Sources */,
				35645DF71C804D7000E6494C /* JCWriteViewController.m in Sources */,
				35D4CE491C841D30002E32B0 /* JCFindView.m in Sources */,
				352A9D4F1CAA8B8C00699950 /* UIButton+WebCache.m in Sources */,
				35645DEF1C80352500E6494C /* JCTabBar.m in Sources */,
				354902121C7AED4600E09B83 /* main.m in Sources */,
				35D4CE511C8675C5002E32B0 /* JCScrollAndPageControlView.m in Sources */,
				352A9D551CAA8B8C00699950 /* UIView+WebCacheOperation.m in Sources */,
				352A9D461CAA8B8C00699950 /* MKAnnotationView+WebCache.m in Sources */,
				35D2A70C1C9FEA13009AC0B6 /* NSObject+JCJSON.m in Sources */,
				35F5ADE01CA3DF970086217E /* UIViewController+Replace.m in Sources */,
			);
			runOnlyForDeploymentPostprocessing = 0;
		};
/* End PBXSourcesBuildPhase section */

/* Begin PBXVariantGroup section */
		354902191C7AED4600E09B83 /* Main.storyboard */ = {
			isa = PBXVariantGroup;
			children = (
				3549021A1C7AED4600E09B83 /* Base */,
			);
			name = Main.storyboard;
			path = ../..;
			sourceTree = "<group>";
		};
		3549021E1C7AED4600E09B83 /* LaunchScreen.storyboard */ = {
			isa = PBXVariantGroup;
			children = (
				3549021F1C7AED4600E09B83 /* Base */,
			);
			name = LaunchScreen.storyboard;
			path = ../..;
			sourceTree = "<group>";
		};
/* End PBXVariantGroup section */

/* Begin XCBuildConfiguration section */
		354902221C7AED4600E09B83 /* Debug */ = {
			isa = XCBuildConfiguration;
			buildSettings = {
				ALWAYS_SEARCH_USER_PATHS = NO;
				CLANG_CXX_LANGUAGE_STANDARD = "gnu++0x";
				CLANG_CXX_LIBRARY = "libc++";
				CLANG_ENABLE_MODULES = YES;
				CLANG_ENABLE_OBJC_ARC = YES;
				CLANG_WARN_BOOL_CONVERSION = YES;
				CLANG_WARN_CONSTANT_CONVERSION = YES;
				CLANG_WARN_DIRECT_OBJC_ISA_USAGE = YES_ERROR;
				CLANG_WARN_EMPTY_BODY = YES;
				CLANG_WARN_ENUM_CONVERSION = YES;
				CLANG_WARN_INT_CONVERSION = YES;
				CLANG_WARN_OBJC_ROOT_CLASS = YES_ERROR;
				CLANG_WARN_UNREACHABLE_CODE = YES;
				CLANG_WARN__DUPLICATE_METHOD_MATCH = YES;
				"CODE_SIGN_IDENTITY[sdk=iphoneos*]" = "iPhone Developer";
				COPY_PHASE_STRIP = NO;
				DEBUG_INFORMATION_FORMAT = dwarf;
				ENABLE_STRICT_OBJC_MSGSEND = YES;
				ENABLE_TESTABILITY = YES;
				GCC_C_LANGUAGE_STANDARD = gnu99;
				GCC_DYNAMIC_NO_PIC = NO;
				GCC_NO_COMMON_BLOCKS = YES;
				GCC_OPTIMIZATION_LEVEL = 0;
				GCC_PREPROCESSOR_DEFINITIONS = (
					"DEBUG=1",
					"$(inherited)",
				);
				GCC_WARN_64_TO_32_BIT_CONVERSION = YES;
				GCC_WARN_ABOUT_RETURN_TYPE = YES_ERROR;
				GCC_WARN_UNDECLARED_SELECTOR = YES;
				GCC_WARN_UNINITIALIZED_AUTOS = YES_AGGRESSIVE;
				GCC_WARN_UNUSED_FUNCTION = YES;
				GCC_WARN_UNUSED_VARIABLE = YES;
				IPHONEOS_DEPLOYMENT_TARGET = 8.1;
				MTL_ENABLE_DEBUG_INFO = YES;
				ONLY_ACTIVE_ARCH = YES;
				SDKROOT = iphoneos;
				TARGETED_DEVICE_FAMILY = "1,2";
			};
			name = Debug;
		};
		354902231C7AED4600E09B83 /* Release */ = {
			isa = XCBuildConfiguration;
			buildSettings = {
				ALWAYS_SEARCH_USER_PATHS = NO;
				CLANG_CXX_LANGUAGE_STANDARD = "gnu++0x";
				CLANG_CXX_LIBRARY = "libc++";
				CLANG_ENABLE_MODULES = YES;
				CLANG_ENABLE_OBJC_ARC = YES;
				CLANG_WARN_BOOL_CONVERSION = YES;
				CLANG_WARN_CONSTANT_CONVERSION = YES;
				CLANG_WARN_DIRECT_OBJC_ISA_USAGE = YES_ERROR;
				CLANG_WARN_EMPTY_BODY = YES;
				CLANG_WARN_ENUM_CONVERSION = YES;
				CLANG_WARN_INT_CONVERSION = YES;
				CLANG_WARN_OBJC_ROOT_CLASS = YES_ERROR;
				CLANG_WARN_UNREACHABLE_CODE = YES;
				CLANG_WARN__DUPLICATE_METHOD_MATCH = YES;
				"CODE_SIGN_IDENTITY[sdk=iphoneos*]" = "iPhone Developer";
				COPY_PHASE_STRIP = NO;
				DEBUG_INFORMATION_FORMAT = "dwarf-with-dsym";
				ENABLE_NS_ASSERTIONS = NO;
				ENABLE_STRICT_OBJC_MSGSEND = YES;
				GCC_C_LANGUAGE_STANDARD = gnu99;
				GCC_NO_COMMON_BLOCKS = YES;
				GCC_WARN_64_TO_32_BIT_CONVERSION = YES;
				GCC_WARN_ABOUT_RETURN_TYPE = YES_ERROR;
				GCC_WARN_UNDECLARED_SELECTOR = YES;
				GCC_WARN_UNINITIALIZED_AUTOS = YES_AGGRESSIVE;
				GCC_WARN_UNUSED_FUNCTION = YES;
				GCC_WARN_UNUSED_VARIABLE = YES;
				IPHONEOS_DEPLOYMENT_TARGET = 8.1;
				MTL_ENABLE_DEBUG_INFO = NO;
				SDKROOT = iphoneos;
				TARGETED_DEVICE_FAMILY = "1,2";
				VALIDATE_PRODUCT = YES;
			};
			name = Release;
		};
		354902251C7AED4600E09B83 /* Debug */ = {
			isa = XCBuildConfiguration;
			buildSettings = {
				ASSETCATALOG_COMPILER_APPICON_NAME = AppIcon;
				ASSETCATALOG_COMPILER_LAUNCHIMAGE_NAME = LaunchImage;
				GCC_PRECOMPILE_PREFIX_HEADER = YES;
				GCC_PREFIX_HEADER = JianShu/Others/PCH/JianShu.pch;
				INFOPLIST_FILE = JianShu/Info.plist;
				LD_RUNPATH_SEARCH_PATHS = "$(inherited) @executable_path/Frameworks";
				PRODUCT_BUNDLE_IDENTIFIER = molin.JianShu;
				PRODUCT_NAME = "$(TARGET_NAME)";
				TARGETED_DEVICE_FAMILY = "1,2";
			};
			name = Debug;
		};
		354902261C7AED4600E09B83 /* Release */ = {
			isa = XCBuildConfiguration;
			buildSettings = {
				ASSETCATALOG_COMPILER_APPICON_NAME = AppIcon;
				ASSETCATALOG_COMPILER_LAUNCHIMAGE_NAME = LaunchImage;
				GCC_PRECOMPILE_PREFIX_HEADER = YES;
				GCC_PREFIX_HEADER = JianShu/Others/PCH/JianShu.pch;
				INFOPLIST_FILE = JianShu/Info.plist;
				LD_RUNPATH_SEARCH_PATHS = "$(inherited) @executable_path/Frameworks";
				PRODUCT_BUNDLE_IDENTIFIER = molin.JianShu;
				PRODUCT_NAME = "$(TARGET_NAME)";
				TARGETED_DEVICE_FAMILY = "1,2";
			};
			name = Release;
		};
/* End XCBuildConfiguration section */

/* Begin XCConfigurationList section */
		354902081C7AED4600E09B83 /* Build configuration list for PBXProject "JianShu" */ = {
			isa = XCConfigurationList;
			buildConfigurations = (
				354902221C7AED4600E09B83 /* Debug */,
				354902231C7AED4600E09B83 /* Release */,
			);
			defaultConfigurationIsVisible = 0;
			defaultConfigurationName = Release;
		};
		354902241C7AED4600E09B83 /* Build configuration list for PBXNativeTarget "JianShu" */ = {
			isa = XCConfigurationList;
			buildConfigurations = (
				354902251C7AED4600E09B83 /* Debug */,
				354902261C7AED4600E09B83 /* Release */,
			);
			defaultConfigurationIsVisible = 0;
			defaultConfigurationName = Release;
		};
/* End XCConfigurationList section */
	};
	rootObject = 354902051C7AED4600E09B83 /* Project object */;
}
